// !$*UTF8*$!
{
	archiveVersion = 1;
	classes = {
	};
	objectVersion = 50;
	objects = {

/* Begin PBXBuildFile section */
		5B1723432596B10E00C277BF /* TransferFundRequest.swift in Sources */ = {isa = PBXBuildFile; fileRef = 5B1723422596B10E00C277BF /* TransferFundRequest.swift */; };
		5B1723482596B38A00C277BF /* TransferFundResponse.swift in Sources */ = {isa = PBXBuildFile; fileRef = 5B1723472596B38A00C277BF /* TransferFundResponse.swift */; };
		5B17234B2596B8F900C277BF /* TransferFundsViewModel.swift in Sources */ = {isa = PBXBuildFile; fileRef = 5B17234A2596B8F900C277BF /* TransferFundsViewModel.swift */; };
		5B17234E2596BC2500C277BF /* TransferFundsScreen.swift in Sources */ = {isa = PBXBuildFile; fileRef = 5B17234D2596BC2500C277BF /* TransferFundsScreen.swift */; };
		5B45546625915E5C00433AC6 /* BankAppApp.swift in Sources */ = {isa = PBXBuildFile; fileRef = 5B45546525915E5C00433AC6 /* BankAppApp.swift */; };
		5B45546A25915E6200433AC6 /* Assets.xcassets in Resources */ = {isa = PBXBuildFile; fileRef = 5B45546925915E6200433AC6 /* Assets.xcassets */; };
		5B45546D25915E6200433AC6 /* Preview Assets.xcassets in Resources */ = {isa = PBXBuildFile; fileRef = 5B45546C25915E6200433AC6 /* Preview Assets.xcassets */; };
		5B4554772591650800433AC6 /* Double+Extensions.swift in Sources */ = {isa = PBXBuildFile; fileRef = 5B4554762591650800433AC6 /* Double+Extensions.swift */; };
		5B45547A25916E1600433AC6 /* URL+Extenstions.swift in Sources */ = {isa = PBXBuildFile; fileRef = 5B45547925916E1600433AC6 /* URL+Extenstions.swift */; };
		5B45547D25916F3500433AC6 /* View+Extension.swift in Sources */ = {isa = PBXBuildFile; fileRef = 5B45547C25916F3500433AC6 /* View+Extension.swift */; };
		5B455481259170E000433AC6 /* Account.swift in Sources */ = {isa = PBXBuildFile; fileRef = 5B455480259170E000433AC6 /* Account.swift */; };
		5B4554852591732E00433AC6 /* AccountService.swift in Sources */ = {isa = PBXBuildFile; fileRef = 5B4554842591732E00433AC6 /* AccountService.swift */; };
		5B45548C25917E9500433AC6 /* AccountSummaryViewModel.swift in Sources */ = {isa = PBXBuildFile; fileRef = 5B45548B25917E9500433AC6 /* AccountSummaryViewModel.swift */; };
		5B6916852592C9F700556AAB /* CreateAccountRequest.swift in Sources */ = {isa = PBXBuildFile; fileRef = 5B6916842592C9F600556AAB /* CreateAccountRequest.swift */; };
		5B6916882592CB7B00556AAB /* CreateAccountResponse.swift in Sources */ = {isa = PBXBuildFile; fileRef = 5B6916872592CB7B00556AAB /* CreateAccountResponse.swift */; };
		5B786F4625940DA300DD8136 /* AddAccountScreen.swift in Sources */ = {isa = PBXBuildFile; fileRef = 5B786F4525940DA300DD8136 /* AddAccountScreen.swift */; };
		5B8E9BBE25937D83002D9DE0 /* AddAccountViewModel.swift in Sources */ = {isa = PBXBuildFile; fileRef = 5B8E9BBD25937D83002D9DE0 /* AddAccountViewModel.swift */; };
		5BCEAA8A2597FCF200941483 /* TransferFundsAccountSelectionView.swift in Sources */ = {isa = PBXBuildFile; fileRef = 5BCEAA892597FCF200941483 /* TransferFundsAccountSelectionView.swift */; };
		5BEF1321259221CE00AFF87F /* AccountSummaryScreen.swift in Sources */ = {isa = PBXBuildFile; fileRef = 5BEF1320259221CE00AFF87F /* AccountSummaryScreen.swift */; };
		5BEF1326259226CB00AFF87F /* AccountListView.swift in Sources */ = {isa = PBXBuildFile; fileRef = 5BEF1325259226CB00AFF87F /* AccountListView.swift */; };
/* End PBXBuildFile section */

/* Begin PBXFileReference section */
		5B1723422596B10E00C277BF /* TransferFundRequest.swift */ = {isa = PBXFileReference; lastKnownFileType = sourcecode.swift; path = TransferFundRequest.swift; sourceTree = "<group>"; };
		5B1723472596B38A00C277BF /* TransferFundResponse.swift */ = {isa = PBXFileReference; lastKnownFileType = sourcecode.swift; path = TransferFundResponse.swift; sourceTree = "<group>"; };
		5B17234A2596B8F900C277BF /* TransferFundsViewModel.swift */ = {isa = PBXFileReference; lastKnownFileType = sourcecode.swift; path = TransferFundsViewModel.swift; sourceTree = "<group>"; };
		5B17234D2596BC2500C277BF /* TransferFundsScreen.swift */ = {isa = PBXFileReference; lastKnownFileType = sourcecode.swift; path = TransferFundsScreen.swift; sourceTree = "<group>"; };
		5B45546225915E5C00433AC6 /* BankApp.app */ = {isa = PBXFileReference; explicitFileType = wrapper.application; includeInIndex = 0; path = BankApp.app; sourceTree = BUILT_PRODUCTS_DIR; };
		5B45546525915E5C00433AC6 /* BankAppApp.swift */ = {isa = PBXFileReference; lastKnownFileType = sourcecode.swift; path = BankAppApp.swift; sourceTree = "<group>"; };
		5B45546925915E6200433AC6 /* Assets.xcassets */ = {isa = PBXFileReference; lastKnownFileType = folder.assetcatalog; path = Assets.xcassets; sourceTree = "<group>"; };
		5B45546C25915E6200433AC6 /* Preview Assets.xcassets */ = {isa = PBXFileReference; lastKnownFileType = folder.assetcatalog; path = "Preview Assets.xcassets"; sourceTree = "<group>"; };
		5B45546E25915E6200433AC6 /* Info.plist */ = {isa = PBXFileReference; lastKnownFileType = text.plist.xml; path = Info.plist; sourceTree = "<group>"; };
		5B4554762591650800433AC6 /* Double+Extensions.swift */ = {isa = PBXFileReference; lastKnownFileType = sourcecode.swift; path = "Double+Extensions.swift"; sourceTree = "<group>"; };
		5B45547925916E1600433AC6 /* URL+Extenstions.swift */ = {isa = PBXFileReference; lastKnownFileType = sourcecode.swift; path = "URL+Extenstions.swift"; sourceTree = "<group>"; };
		5B45547C25916F3500433AC6 /* View+Extension.swift */ = {isa = PBXFileReference; lastKnownFileType = sourcecode.swift; path = "View+Extension.swift"; sourceTree = "<group>"; };
		5B455480259170E000433AC6 /* Account.swift */ = {isa = PBXFileReference; lastKnownFileType = sourcecode.swift; path = Account.swift; sourceTree = "<group>"; };
		5B4554842591732E00433AC6 /* AccountService.swift */ = {isa = PBXFileReference; lastKnownFileType = sourcecode.swift; path = AccountService.swift; sourceTree = "<group>"; };
		5B45548B25917E9500433AC6 /* AccountSummaryViewModel.swift */ = {isa = PBXFileReference; lastKnownFileType = sourcecode.swift; path = AccountSummaryViewModel.swift; sourceTree = "<group>"; };
		5B6916842592C9F600556AAB /* CreateAccountRequest.swift */ = {isa = PBXFileReference; lastKnownFileType = sourcecode.swift; path = CreateAccountRequest.swift; sourceTree = "<group>"; };
		5B6916872592CB7B00556AAB /* CreateAccountResponse.swift */ = {isa = PBXFileReference; lastKnownFileType = sourcecode.swift; path = CreateAccountResponse.swift; sourceTree = "<group>"; };
		5B786F4525940DA300DD8136 /* AddAccountScreen.swift */ = {isa = PBXFileReference; lastKnownFileType = sourcecode.swift; path = AddAccountScreen.swift; sourceTree = "<group>"; };
		5B8E9BBD25937D83002D9DE0 /* AddAccountViewModel.swift */ = {isa = PBXFileReference; lastKnownFileType = sourcecode.swift; path = AddAccountViewModel.swift; sourceTree = "<group>"; };
		5BCEAA892597FCF200941483 /* TransferFundsAccountSelectionView.swift */ = {isa = PBXFileReference; lastKnownFileType = sourcecode.swift; path = TransferFundsAccountSelectionView.swift; sourceTree = "<group>"; };
		5BEF1320259221CE00AFF87F /* AccountSummaryScreen.swift */ = {isa = PBXFileReference; lastKnownFileType = sourcecode.swift; path = AccountSummaryScreen.swift; sourceTree = "<group>"; };
		5BEF1325259226CB00AFF87F /* AccountListView.swift */ = {isa = PBXFileReference; lastKnownFileType = sourcecode.swift; path = AccountListView.swift; sourceTree = "<group>"; };
/* End PBXFileReference section */

/* Begin PBXFrameworksBuildPhase section */
		5B45545F25915E5C00433AC6 /* Frameworks */ = {
			isa = PBXFrameworksBuildPhase;
			buildActionMask = 2147483647;
			files = (
			);
			runOnlyForDeploymentPostprocessing = 0;
		};
/* End PBXFrameworksBuildPhase section */

/* Begin PBXGroup section */
		5B45545925915E5C00433AC6 = {
			isa = PBXGroup;
			children = (
				5B45546425915E5C00433AC6 /* BankApp */,
				5B45546325915E5C00433AC6 /* Products */,
			);
			sourceTree = "<group>";
		};
		5B45546325915E5C00433AC6 /* Products */ = {
			isa = PBXGroup;
			children = (
				5B45546225915E5C00433AC6 /* BankApp.app */,
			);
			name = Products;
			sourceTree = "<group>";
		};
		5B45546425915E5C00433AC6 /* BankApp */ = {
			isa = PBXGroup;
			children = (
				5B45548A25917E6900433AC6 /* View Models */,
				5B4554872591733F00433AC6 /* Services */,
				5BEF1324259226A000AFF87F /* Views */,
				5BEF131F2592219B00AFF87F /* Screens */,
				5B45547F2591709600433AC6 /* Models */,
				5B455475259164EC00433AC6 /* Extensions */,
				5B45546525915E5C00433AC6 /* BankAppApp.swift */,
				5B45546925915E6200433AC6 /* Assets.xcassets */,
				5B45546E25915E6200433AC6 /* Info.plist */,
				5B45546B25915E6200433AC6 /* Preview Content */,
			);
			path = BankApp;
			sourceTree = "<group>";
		};
		5B45546B25915E6200433AC6 /* Preview Content */ = {
			isa = PBXGroup;
			children = (
				5B45546C25915E6200433AC6 /* Preview Assets.xcassets */,
			);
			path = "Preview Content";
			sourceTree = "<group>";
		};
		5B455475259164EC00433AC6 /* Extensions */ = {
			isa = PBXGroup;
			children = (
				5B4554762591650800433AC6 /* Double+Extensions.swift */,
				5B45547925916E1600433AC6 /* URL+Extenstions.swift */,
				5B45547C25916F3500433AC6 /* View+Extension.swift */,
			);
			path = Extensions;
			sourceTree = "<group>";
		};
		5B45547F2591709600433AC6 /* Models */ = {
			isa = PBXGroup;
			children = (
				5B455480259170E000433AC6 /* Account.swift */,
				5B6916842592C9F600556AAB /* CreateAccountRequest.swift */,
				5B6916872592CB7B00556AAB /* CreateAccountResponse.swift */,
				5B1723422596B10E00C277BF /* TransferFundRequest.swift */,
				5B1723472596B38A00C277BF /* TransferFundResponse.swift */,
			);
			path = Models;
			sourceTree = "<group>";
		};
		5B4554872591733F00433AC6 /* Services */ = {
			isa = PBXGroup;
			children = (
				5B4554842591732E00433AC6 /* AccountService.swift */,
			);
			path = Services;
			sourceTree = "<group>";
		};
		5B45548A25917E6900433AC6 /* View Models */ = {
			isa = PBXGroup;
			children = (
				5B45548B25917E9500433AC6 /* AccountSummaryViewModel.swift */,
				5B8E9BBD25937D83002D9DE0 /* AddAccountViewModel.swift */,
				5B17234A2596B8F900C277BF /* TransferFundsViewModel.swift */,
			);
			path = "View Models";
			sourceTree = "<group>";
		};
		5BEF131F2592219B00AFF87F /* Screens */ = {
			isa = PBXGroup;
			children = (
				5BEF1320259221CE00AFF87F /* AccountSummaryScreen.swift */,
				5B786F4525940DA300DD8136 /* AddAccountScreen.swift */,
				5B17234D2596BC2500C277BF /* TransferFundsScreen.swift */,
			);
			path = Screens;
			sourceTree = "<group>";
		};
		5BEF1324259226A000AFF87F /* Views */ = {
			isa = PBXGroup;
			children = (
				5BEF1325259226CB00AFF87F /* AccountListView.swift */,
				5BCEAA892597FCF200941483 /* TransferFundsAccountSelectionView.swift */,
			);
			path = Views;
			sourceTree = "<group>";
		};
/* End PBXGroup section */

/* Begin PBXNativeTarget section */
		5B45546125915E5C00433AC6 /* BankApp */ = {
			isa = PBXNativeTarget;
			buildConfigurationList = 5B45547125915E6200433AC6 /* Build configuration list for PBXNativeTarget "BankApp" */;
			buildPhases = (
				5B45545E25915E5C00433AC6 /* Sources */,
				5B45545F25915E5C00433AC6 /* Frameworks */,
				5B45546025915E5C00433AC6 /* Resources */,
			);
			buildRules = (
			);
			dependencies = (
			);
			name = BankApp;
			productName = BankApp;
			productReference = 5B45546225915E5C00433AC6 /* BankApp.app */;
			productType = "com.apple.product-type.application";
		};
/* End PBXNativeTarget section */

/* Begin PBXProject section */
		5B45545A25915E5C00433AC6 /* Project object */ = {
			isa = PBXProject;
			attributes = {
				LastSwiftUpdateCheck = 1230;
				LastUpgradeCheck = 1230;
				TargetAttributes = {
					5B45546125915E5C00433AC6 = {
						CreatedOnToolsVersion = 12.3;
					};
				};
			};
			buildConfigurationList = 5B45545D25915E5C00433AC6 /* Build configuration list for PBXProject "BankApp" */;
			compatibilityVersion = "Xcode 9.3";
			developmentRegion = en;
			hasScannedForEncodings = 0;
			knownRegions = (
				en,
				Base,
			);
			mainGroup = 5B45545925915E5C00433AC6;
			productRefGroup = 5B45546325915E5C00433AC6 /* Products */;
			projectDirPath = "";
			projectRoot = "";
			targets = (
				5B45546125915E5C00433AC6 /* BankApp */,
			);
		};
/* End PBXProject section */

/* Begin PBXResourcesBuildPhase section */
		5B45546025915E5C00433AC6 /* Resources */ = {
			isa = PBXResourcesBuildPhase;
			buildActionMask = 2147483647;
			files = (
				5B45546D25915E6200433AC6 /* Preview Assets.xcassets in Resources */,
				5B45546A25915E6200433AC6 /* Assets.xcassets in Resources */,
			);
			runOnlyForDeploymentPostprocessing = 0;
		};
/* End PBXResourcesBuildPhase section */

/* Begin PBXSourcesBuildPhase section */
		5B45545E25915E5C00433AC6 /* Sources */ = {
			isa = PBXSourcesBuildPhase;
			buildActionMask = 2147483647;
			files = (
				5BEF1326259226CB00AFF87F /* AccountListView.swift in Sources */,
				5BEF1321259221CE00AFF87F /* AccountSummaryScreen.swift in Sources */,
				5B17234E2596BC2500C277BF /* TransferFundsScreen.swift in Sources */,
				5B4554772591650800433AC6 /* Double+Extensions.swift in Sources */,
				5B1723432596B10E00C277BF /* TransferFundRequest.swift in Sources */,
				5B4554852591732E00433AC6 /* AccountService.swift in Sources */,
				5B6916882592CB7B00556AAB /* CreateAccountResponse.swift in Sources */,
				5B45547D25916F3500433AC6 /* View+Extension.swift in Sources */,
				5B8E9BBE25937D83002D9DE0 /* AddAccountViewModel.swift in Sources */,
				5BCEAA8A2597FCF200941483 /* TransferFundsAccountSelectionView.swift in Sources */,
				5B17234B2596B8F900C277BF /* TransferFundsViewModel.swift in Sources */,
				5B45547A25916E1600433AC6 /* URL+Extenstions.swift in Sources */,
				5B45546625915E5C00433AC6 /* BankAppApp.swift in Sources */,
				5B455481259170E000433AC6 /* Account.swift in Sources */,
				5B786F4625940DA300DD8136 /* AddAccountScreen.swift in Sources */,
				5B1723482596B38A00C277BF /* TransferFundResponse.swift in Sources */,
				5B45548C25917E9500433AC6 /* AccountSummaryViewModel.swift in Sources */,
				5B6916852592C9F700556AAB /* CreateAccountRequest.swift in Sources */,
			);
			runOnlyForDeploymentPostprocessing = 0;
		};
/* End PBXSourcesBuildPhase section */

/* Begin XCBuildConfiguration section */
		5B45546F25915E6200433AC6 /* Debug */ = {
			isa = XCBuildConfiguration;
			buildSettings = {
				ALWAYS_SEARCH_USER_PATHS = NO;
				CLANG_ANALYZER_NONNULL = YES;
				CLANG_ANALYZER_NUMBER_OBJECT_CONVERSION = YES_AGGRESSIVE;
				CLANG_CXX_LANGUAGE_STANDARD = "gnu++14";
				CLANG_CXX_LIBRARY = "libc++";
				CLANG_ENABLE_MODULES = YES;
				CLANG_ENABLE_OBJC_ARC = YES;
				CLANG_ENABLE_OBJC_WEAK = YES;
				CLANG_WARN_BLOCK_CAPTURE_AUTORELEASING = YES;
				CLANG_WARN_BOOL_CONVERSION = YES;
				CLANG_WARN_COMMA = YES;
				CLANG_WARN_CONSTANT_CONVERSION = YES;
				CLANG_WARN_DEPRECATED_OBJC_IMPLEMENTATIONS = YES;
				CLANG_WARN_DIRECT_OBJC_ISA_USAGE = YES_ERROR;
				CLANG_WARN_DOCUMENTATION_COMMENTS = YES;
				CLANG_WARN_EMPTY_BODY = YES;
				CLANG_WARN_ENUM_CONVERSION = YES;
				CLANG_WARN_INFINITE_RECURSION = YES;
				CLANG_WARN_INT_CONVERSION = YES;
				CLANG_WARN_NON_LITERAL_NULL_CONVERSION = YES;
				CLANG_WARN_OBJC_IMPLICIT_RETAIN_SELF = YES;
				CLANG_WARN_OBJC_LITERAL_CONVERSION = YES;
				CLANG_WARN_OBJC_ROOT_CLASS = YES_ERROR;
				CLANG_WARN_QUOTED_INCLUDE_IN_FRAMEWORK_HEADER = YES;
				CLANG_WARN_RANGE_LOOP_ANALYSIS = YES;
				CLANG_WARN_STRICT_PROTOTYPES = YES;
				CLANG_WARN_SUSPICIOUS_MOVE = YES;
				CLANG_WARN_UNGUARDED_AVAILABILITY = YES_AGGRESSIVE;
				CLANG_WARN_UNREACHABLE_CODE = YES;
				CLANG_WARN__DUPLICATE_METHOD_MATCH = YES;
				COPY_PHASE_STRIP = NO;
				DEBUG_INFORMATION_FORMAT = dwarf;
				ENABLE_STRICT_OBJC_MSGSEND = YES;
				ENABLE_TESTABILITY = YES;
				GCC_C_LANGUAGE_STANDARD = gnu11;
				GCC_DYNAMIC_NO_PIC = NO;
				GCC_NO_COMMON_BLOCKS = YES;
				GCC_OPTIMIZATION_LEVEL = 0;
				GCC_PREPROCESSOR_DEFINITIONS = (
					"DEBUG=1",
					"$(inherited)",
				);
				GCC_WARN_64_TO_32_BIT_CONVERSION = YES;
				GCC_WARN_ABOUT_RETURN_TYPE = YES_ERROR;
				GCC_WARN_UNDECLARED_SELECTOR = YES;
				GCC_WARN_UNINITIALIZED_AUTOS = YES_AGGRESSIVE;
				GCC_WARN_UNUSED_FUNCTION = YES;
				GCC_WARN_UNUSED_VARIABLE = YES;
				IPHONEOS_DEPLOYMENT_TARGET = 14.3;
				MTL_ENABLE_DEBUG_INFO = INCLUDE_SOURCE;
				MTL_FAST_MATH = YES;
				ONLY_ACTIVE_ARCH = YES;
				SDKROOT = iphoneos;
				SWIFT_ACTIVE_COMPILATION_CONDITIONS = DEBUG;
				SWIFT_OPTIMIZATION_LEVEL = "-Onone";
			};
			name = Debug;
		};
		5B45547025915E6200433AC6 /* Release */ = {
			isa = XCBuildConfiguration;
			buildSettings = {
				ALWAYS_SEARCH_USER_PATHS = NO;
				CLANG_ANALYZER_NONNULL = YES;
				CLANG_ANALYZER_NUMBER_OBJECT_CONVERSION = YES_AGGRESSIVE;
				CLANG_CXX_LANGUAGE_STANDARD = "gnu++14";
				CLANG_CXX_LIBRARY = "libc++";
				CLANG_ENABLE_MODULES = YES;
				CLANG_ENABLE_OBJC_ARC = YES;
				CLANG_ENABLE_OBJC_WEAK = YES;
				CLANG_WARN_BLOCK_CAPTURE_AUTORELEASING = YES;
				CLANG_WARN_BOOL_CONVERSION = YES;
				CLANG_WARN_COMMA = YES;
				CLANG_WARN_CONSTANT_CONVERSION = YES;
				CLANG_WARN_DEPRECATED_OBJC_IMPLEMENTATIONS = YES;
				CLANG_WARN_DIRECT_OBJC_ISA_USAGE = YES_ERROR;
				CLANG_WARN_DOCUMENTATION_COMMENTS = YES;
				CLANG_WARN_EMPTY_BODY = YES;
				CLANG_WARN_ENUM_CONVERSION = YES;
				CLANG_WARN_INFINITE_RECURSION = YES;
				CLANG_WARN_INT_CONVERSION = YES;
				CLANG_WARN_NON_LITERAL_NULL_CONVERSION = YES;
				CLANG_WARN_OBJC_IMPLICIT_RETAIN_SELF = YES;
				CLANG_WARN_OBJC_LITERAL_CONVERSION = YES;
				CLANG_WARN_OBJC_ROOT_CLASS = YES_ERROR;
				CLANG_WARN_QUOTED_INCLUDE_IN_FRAMEWORK_HEADER = YES;
				CLANG_WARN_RANGE_LOOP_ANALYSIS = YES;
				CLANG_WARN_STRICT_PROTOTYPES = YES;
				CLANG_WARN_SUSPICIOUS_MOVE = YES;
				CLANG_WARN_UNGUARDED_AVAILABILITY = YES_AGGRESSIVE;
				CLANG_WARN_UNREACHABLE_CODE = YES;
				CLANG_WARN__DUPLICATE_METHOD_MATCH = YES;
				COPY_PHASE_STRIP = NO;
				DEBUG_INFORMATION_FORMAT = "dwarf-with-dsym";
				ENABLE_NS_ASSERTIONS = NO;
				ENABLE_STRICT_OBJC_MSGSEND = YES;
				GCC_C_LANGUAGE_STANDARD = gnu11;
				GCC_NO_COMMON_BLOCKS = YES;
				GCC_WARN_64_TO_32_BIT_CONVERSION = YES;
				GCC_WARN_ABOUT_RETURN_TYPE = YES_ERROR;
				GCC_WARN_UNDECLARED_SELECTOR = YES;
				GCC_WARN_UNINITIALIZED_AUTOS = YES_AGGRESSIVE;
				GCC_WARN_UNUSED_FUNCTION = YES;
				GCC_WARN_UNUSED_VARIABLE = YES;
				IPHONEOS_DEPLOYMENT_TARGET = 14.3;
				MTL_ENABLE_DEBUG_INFO = NO;
				MTL_FAST_MATH = YES;
				SDKROOT = iphoneos;
				SWIFT_COMPILATION_MODE = wholemodule;
				SWIFT_OPTIMIZATION_LEVEL = "-O";
				VALIDATE_PRODUCT = YES;
			};
			name = Release;
		};
		5B45547225915E6200433AC6 /* Debug */ = {
			isa = XCBuildConfiguration;
			buildSettings = {
				ASSETCATALOG_COMPILER_APPICON_NAME = AppIcon;
				ASSETCATALOG_COMPILER_GLOBAL_ACCENT_COLOR_NAME = AccentColor;
				CODE_SIGN_STYLE = Automatic;
				DEVELOPMENT_ASSET_PATHS = "\"BankApp/Preview Content\"";
				DEVELOPMENT_TEAM = J5JDFRK25N;
				ENABLE_PREVIEWS = YES;
				INFOPLIST_FILE = BankApp/Info.plist;
				IPHONEOS_DEPLOYMENT_TARGET = 14.0;
				LD_RUNPATH_SEARCH_PATHS = (
					"$(inherited)",
					"@executable_path/Frameworks",
				);
				PRODUCT_BUNDLE_IDENTIFIER = com.FPS.BankApp;
				PRODUCT_NAME = "$(TARGET_NAME)";
				SWIFT_VERSION = 5.0;
				TARGETED_DEVICE_FAMILY = "1,2";
			};
			name = Debug;
		};
		5B45547325915E6200433AC6 /* Release */ = {
			isa = XCBuildConfiguration;
			buildSettings = {
				ASSETCATALOG_COMPILER_APPICON_NAME = AppIcon;
				ASSETCATALOG_COMPILER_GLOBAL_ACCENT_COLOR_NAME = AccentColor;
				CODE_SIGN_STYLE = Automatic;
				DEVELOPMENT_ASSET_PATHS = "\"BankApp/Preview Content\"";
				DEVELOPMENT_TEAM = J5JDFRK25N;
				ENABLE_PREVIEWS = YES;
				INFOPLIST_FILE = BankApp/Info.plist;
				IPHONEOS_DEPLOYMENT_TARGET = 14.0;
				LD_RUNPATH_SEARCH_PATHS = (
					"$(inherited)",
					"@executable_path/Frameworks",
				);
				PRODUCT_BUNDLE_IDENTIFIER = com.FPS.BankApp;
				PRODUCT_NAME = "$(TARGET_NAME)";
				SWIFT_VERSION = 5.0;
				TARGETED_DEVICE_FAMILY = "1,2";
			};
			name = Release;
		};
/* End XCBuildConfiguration section */

/* Begin XCConfigurationList section */
		5B45545D25915E5C00433AC6 /* Build configuration list for PBXProject "BankApp" */ = {
			isa = XCConfigurationList;
			buildConfigurations = (
				5B45546F25915E6200433AC6 /* Debug */,
				5B45547025915E6200433AC6 /* Release */,
			);
			defaultConfigurationIsVisible = 0;
			defaultConfigurationName = Release;
		};
		5B45547125915E6200433AC6 /* Build configuration list for PBXNativeTarget "BankApp" */ = {
			isa = XCConfigurationList;
			buildConfigurations = (
				5B45547225915E6200433AC6 /* Debug */,
				5B45547325915E6200433AC6 /* Release */,
			);
			defaultConfigurationIsVisible = 0;
			defaultConfigurationName = Release;
		};
/* End XCConfigurationList section */
	};
	rootObject = 5B45545A25915E5C00433AC6 /* Project object */;
}
